// !$*UTF8*$!
{
	archiveVersion = 1;
	classes = {
	};
	objectVersion = 46;
	objects = {

/* Begin PBXBuildFile section */
		6F2D36D51EB59EE600CD06DA /* AppDelegate.swift in Sources */ = {isa = PBXBuildFile; fileRef = 6F2D36D41EB59EE600CD06DA /* AppDelegate.swift */; };
		6F2D36D71EB59EE600CD06DA /* ViewController.swift in Sources */ = {isa = PBXBuildFile; fileRef = 6F2D36D61EB59EE600CD06DA /* ViewController.swift */; };
		6F2D36DA1EB59EE600CD06DA /* Main.storyboard in Resources */ = {isa = PBXBuildFile; fileRef = 6F2D36D81EB59EE600CD06DA /* Main.storyboard */; };
		6F2D36DC1EB59EE600CD06DA /* Assets.xcassets in Resources */ = {isa = PBXBuildFile; fileRef = 6F2D36DB1EB59EE600CD06DA /* Assets.xcassets */; };
		6F2D36DF1EB59EE600CD06DA /* LaunchScreen.storyboard in Resources */ = {isa = PBXBuildFile; fileRef = 6F2D36DD1EB59EE600CD06DA /* LaunchScreen.storyboard */; };
		6F2D36EA1EB59EE600CD06DA /* ProjectTests.swift in Sources */ = {isa = PBXBuildFile; fileRef = 6F2D36E91EB59EE600CD06DA /* ProjectTests.swift */; };
		6F2D36F51EB59EE600CD06DA /* ProjectUITests.swift in Sources */ = {isa = PBXBuildFile; fileRef = 6F2D36F41EB59EE600CD06DA /* ProjectUITests.swift */; };
/* End PBXBuildFile section */

/* Begin PBXContainerItemProxy section */
		6F2D36E61EB59EE600CD06DA /* PBXContainerItemProxy */ = {
			isa = PBXContainerItemProxy;
			containerPortal = 6F2D36C91EB59EE600CD06DA /* Project object */;
			proxyType = 1;
			remoteGlobalIDString = 6F2D36D01EB59EE600CD06DA;
			remoteInfo = Project;
		};
		6F2D36F11EB59EE600CD06DA /* PBXContainerItemProxy */ = {
			isa = PBXContainerItemProxy;
			containerPortal = 6F2D36C91EB59EE600CD06DA /* Project object */;
			proxyType = 1;
			remoteGlobalIDString = 6F2D36D01EB59EE600CD06DA;
			remoteInfo = Project;
		};
/* End PBXContainerItemProxy section */

/* Begin PBXFileReference section */
		6F2D36D11EB59EE600CD06DA /* Project.app */ = {isa = PBXFileReference; explicitFileType = wrapper.application; includeInIndex = 0; path = Project.app; sourceTree = BUILT_PRODUCTS_DIR; };
		6F2D36D41EB59EE600CD06DA /* AppDelegate.swift */ = {isa = PBXFileReference; lastKnownFileType = sourcecode.swift; path = AppDelegate.swift; sourceTree = "<group>"; };
		6F2D36D61EB59EE600CD06DA /* ViewController.swift */ = {isa = PBXFileReference; lastKnownFileType = sourcecode.swift; path = ViewController.swift; sourceTree = "<group>"; };
		6F2D36D91EB59EE600CD06DA /* Base */ = {isa = PBXFileReference; lastKnownFileType = file.storyboard; name = Base; path = Base.lproj/Main.storyboard; sourceTree = "<group>"; };
		6F2D36DB1EB59EE600CD06DA /* Assets.xcassets */ = {isa = PBXFileReference; lastKnownFileType = folder.assetcatalog; path = Assets.xcassets; sourceTree = "<group>"; };
		6F2D36DE1EB59EE600CD06DA /* Base */ = {isa = PBXFileReference; lastKnownFileType = file.storyboard; name = Base; path = Base.lproj/LaunchScreen.storyboard; sourceTree = "<group>"; };
		6F2D36E01EB59EE600CD06DA /* Info.plist */ = {isa = PBXFileReference; lastKnownFileType = text.plist.xml; path = Info.plist; sourceTree = "<group>"; };
		6F2D36E51EB59EE600CD06DA /* ProjectTests.xctest */ = {isa = PBXFileReference; explicitFileType = wrapper.cfbundle; includeInIndex = 0; path = ProjectTests.xctest; sourceTree = BUILT_PRODUCTS_DIR; };
		6F2D36E91EB59EE600CD06DA /* ProjectTests.swift */ = {isa = PBXFileReference; lastKnownFileType = sourcecode.swift; path = ProjectTests.swift; sourceTree = "<group>"; };
		6F2D36EB1EB59EE600CD06DA /* Info.plist */ = {isa = PBXFileReference; lastKnownFileType = text.plist.xml; path = Info.plist; sourceTree = "<group>"; };
		6F2D36F01EB59EE600CD06DA /* ProjectUITests.xctest */ = {isa = PBXFileReference; explicitFileType = wrapper.cfbundle; includeInIndex = 0; path = ProjectUITests.xctest; sourceTree = BUILT_PRODUCTS_DIR; };
		6F2D36F41EB59EE600CD06DA /* ProjectUITests.swift */ = {isa = PBXFileReference; lastKnownFileType = sourcecode.swift; path = ProjectUITests.swift; sourceTree = "<group>"; };
		6F2D36F61EB59EE600CD06DA /* Info.plist */ = {isa = PBXFileReference; lastKnownFileType = text.plist.xml; path = Info.plist; sourceTree = "<group>"; };
/* End PBXFileReference section */

/* Begin PBXFrameworksBuildPhase section */
		6F2D36CE1EB59EE600CD06DA /* Frameworks */ = {
			isa = PBXFrameworksBuildPhase;
			buildActionMask = 2147483647;
			files = (
			);
			runOnlyForDeploymentPostprocessing = 0;
		};
		6F2D36E21EB59EE600CD06DA /* Frameworks */ = {
			isa = PBXFrameworksBuildPhase;
			buildActionMask = 2147483647;
			files = (
			);
			runOnlyForDeploymentPostprocessing = 0;
		};
		6F2D36ED1EB59EE600CD06DA /* Frameworks */ = {
			isa = PBXFrameworksBuildPhase;
			buildActionMask = 2147483647;
			files = (
			);
			runOnlyForDeploymentPostprocessing = 0;
		};
/* End PBXFrameworksBuildPhase section */

/* Begin PBXGroup section */
		6F2D36C81EB59EE600CD06DA = {
			isa = PBXGroup;
			children = (
				6F2D36D31EB59EE600CD06DA /* Project */,
				6F2D36E81EB59EE600CD06DA /* ProjectTests */,
				6F2D36F31EB59EE600CD06DA /* ProjectUITests */,
				6F2D36D21EB59EE600CD06DA /* Products */,
			);
			sourceTree = "<group>";
		};
		6F2D36D21EB59EE600CD06DA /* Products */ = {
			isa = PBXGroup;
			children = (
				6F2D36D11EB59EE600CD06DA /* Project.app */,
				6F2D36E51EB59EE600CD06DA /* ProjectTests.xctest */,
				6F2D36F01EB59EE600CD06DA /* ProjectUITests.xctest */,
			);
			name = Products;
			sourceTree = "<group>";
		};
		6F2D36D31EB59EE600CD06DA /* Project */ = {
			isa = PBXGroup;
			children = (
				6F2D36D41EB59EE600CD06DA /* AppDelegate.swift */,
				6F2D36D61EB59EE600CD06DA /* ViewController.swift */,
				6F2D36D81EB59EE600CD06DA /* Main.storyboard */,
				6F2D36DB1EB59EE600CD06DA /* Assets.xcassets */,
				6F2D36DD1EB59EE600CD06DA /* LaunchScreen.storyboard */,
				6F2D36E01EB59EE600CD06DA /* Info.plist */,
			);
			path = Project;
			sourceTree = "<group>";
		};
		6F2D36E81EB59EE600CD06DA /* ProjectTests */ = {
			isa = PBXGroup;
			children = (
				6F2D36E91EB59EE600CD06DA /* ProjectTests.swift */,
				6F2D36EB1EB59EE600CD06DA /* Info.plist */,
			);
			path = ProjectTests;
			sourceTree = "<group>";
		};
		6F2D36F31EB59EE600CD06DA /* ProjectUITests */ = {
			isa = PBXGroup;
			children = (
				6F2D36F41EB59EE600CD06DA /* ProjectUITests.swift */,
				6F2D36F61EB59EE600CD06DA /* Info.plist */,
			);
			path = ProjectUITests;
			sourceTree = "<group>";
		};
/* End PBXGroup section */

/* Begin PBXNativeTarget section */
		6F2D36D01EB59EE600CD06DA /* Project */ = {
			isa = PBXNativeTarget;
			buildConfigurationList = 6F2D36F91EB59EE600CD06DA /* Build configuration list for PBXNativeTarget "Project" */;
			buildPhases = (
				6F2D36CD1EB59EE600CD06DA /* Sources */,
				6F2D36CE1EB59EE600CD06DA /* Frameworks */,
				6F2D36CF1EB59EE600CD06DA /* Resources */,
			);
			buildRules = (
			);
			dependencies = (
			);
			name = Project;
			productName = Project;
			productReference = 6F2D36D11EB59EE600CD06DA /* Project.app */;
			productType = "com.apple.product-type.application";
		};
		6F2D36E41EB59EE600CD06DA /* ProjectTests */ = {
			isa = PBXNativeTarget;
			buildConfigurationList = 6F2D36FC1EB59EE600CD06DA /* Build configuration list for PBXNativeTarget "ProjectTests" */;
			buildPhases = (
				6F2D36E11EB59EE600CD06DA /* Sources */,
				6F2D36E21EB59EE600CD06DA /* Frameworks */,
				6F2D36E31EB59EE600CD06DA /* Resources */,
			);
			buildRules = (
			);
			dependencies = (
				6F2D36E71EB59EE600CD06DA /* PBXTargetDependency */,
			);
			name = ProjectTests;
			productName = ProjectTests;
			productReference = 6F2D36E51EB59EE600CD06DA /* ProjectTests.xctest */;
			productType = "com.apple.product-type.bundle.unit-test";
		};
		6F2D36EF1EB59EE600CD06DA /* ProjectUITests */ = {
			isa = PBXNativeTarget;
			buildConfigurationList = 6F2D36FF1EB59EE600CD06DA /* Build configuration list for PBXNativeTarget "ProjectUITests" */;
			buildPhases = (
				6F2D36EC1EB59EE600CD06DA /* Sources */,
				6F2D36ED1EB59EE600CD06DA /* Frameworks */,
				6F2D36EE1EB59EE600CD06DA /* Resources */,
			);
			buildRules = (
			);
			dependencies = (
				6F2D36F21EB59EE600CD06DA /* PBXTargetDependency */,
			);
			name = ProjectUITests;
			productName = ProjectUITests;
			productReference = 6F2D36F01EB59EE600CD06DA /* ProjectUITests.xctest */;
			productType = "com.apple.product-type.bundle.ui-testing";
		};
/* End PBXNativeTarget section */

/* Begin PBXProject section */
		6F2D36C91EB59EE600CD06DA /* Project object */ = {
			isa = PBXProject;
			attributes = {
				LastSwiftUpdateCheck = 0820;
				LastUpgradeCheck = 0820;
				ORGANIZATIONNAME = "JOHN YU";
				TargetAttributes = {
					6F2D36D01EB59EE600CD06DA = {
						CreatedOnToolsVersion = 8.2.1;
						ProvisioningStyle = Automatic;
					};
					6F2D36E41EB59EE600CD06DA = {
						CreatedOnToolsVersion = 8.2.1;
						ProvisioningStyle = Automatic;
						TestTargetID = 6F2D36D01EB59EE600CD06DA;
					};
					6F2D36EF1EB59EE600CD06DA = {
						CreatedOnToolsVersion = 8.2.1;
						ProvisioningStyle = Automatic;
						TestTargetID = 6F2D36D01EB59EE600CD06DA;
					};
				};
			};
			buildConfigurationList = 6F2D36CC1EB59EE600CD06DA /* Build configuration list for PBXProject "Project" */;
			compatibilityVersion = "Xcode 3.2";
			developmentRegion = English;
			hasScannedForEncodings = 0;
			knownRegions = (
				en,
				Base,
			);
			mainGroup = 6F2D36C81EB59EE600CD06DA;
			productRefGroup = 6F2D36D21EB59EE600CD06DA /* Products */;
			projectDirPath = "";
			projectRoot = "";
			targets = (
				6F2D36D01EB59EE600CD06DA /* Project */,
				6F2D36E41EB59EE600CD06DA /* ProjectTests */,
				6F2D36EF1EB59EE600CD06DA /* ProjectUITests */,
			);
		};
/* End PBXProject section */

/* Begin PBXResourcesBuildPhase section */
		6F2D36CF1EB59EE600CD06DA /* Resources */ = {
			isa = PBXResourcesBuildPhase;
			buildActionMask = 2147483647;
			files = (
				6F2D36DF1EB59EE600CD06DA /* LaunchScreen.storyboard in Resources */,
				6F2D36DC1EB59EE600CD06DA /* Assets.xcassets in Resources */,
				6F2D36DA1EB59EE600CD06DA /* Main.storyboard in Resources */,
			);
			runOnlyForDeploymentPostprocessing = 0;
		};
		6F2D36E31EB59EE600CD06DA /* Resources */ = {
			isa = PBXResourcesBuildPhase;
			buildActionMask = 2147483647;
			files = (
			);
			runOnlyForDeploymentPostprocessing = 0;
		};
		6F2D36EE1EB59EE600CD06DA /* Resources */ = {
			isa = PBXResourcesBuildPhase;
			buildActionMask = 2147483647;
			files = (
			);
			runOnlyForDeploymentPostprocessing = 0;
		};
/* End PBXResourcesBuildPhase section */

/* Begin PBXSourcesBuildPhase section */
		6F2D36CD1EB59EE600CD06DA /* Sources */ = {
			isa = PBXSourcesBuildPhase;
			buildActionMask = 2147483647;
			files = (
				6F2D36D71EB59EE600CD06DA /* ViewController.swift in Sources */,
				6F2D36D51EB59EE600CD06DA /* AppDelegate.swift in Sources */,
			);
			runOnlyForDeploymentPostprocessing = 0;
		};
		6F2D36E11EB59EE600CD06DA /* Sources */ = {
			isa = PBXSourcesBuildPhase;
			buildActionMask = 2147483647;
			files = (
				6F2D36EA1EB59EE600CD06DA /* ProjectTests.swift in Sources */,
			);
			runOnlyForDeploymentPostprocessing = 0;
		};
		6F2D36EC1EB59EE600CD06DA /* Sources */ = {
			isa = PBXSourcesBuildPhase;
			buildActionMask = 2147483647;
			files = (
				6F2D36F51EB59EE600CD06DA /* ProjectUITests.swift in Sources */,
			);
			runOnlyForDeploymentPostprocessing = 0;
		};
/* End PBXSourcesBuildPhase section */

/* Begin PBXTargetDependency section */
		6F2D36E71EB59EE600CD06DA /* PBXTargetDependency */ = {
			isa = PBXTargetDependency;
			target = 6F2D36D01EB59EE600CD06DA /* Project */;
			targetProxy = 6F2D36E61EB59EE600CD06DA /* PBXContainerItemProxy */;
		};
		6F2D36F21EB59EE600CD06DA /* PBXTargetDependency */ = {
			isa = PBXTargetDependency;
			target = 6F2D36D01EB59EE600CD06DA /* Project */;
			targetProxy = 6F2D36F11EB59EE600CD06DA /* PBXContainerItemProxy */;
		};
/* End PBXTargetDependency section */

/* Begin PBXVariantGroup section */
		6F2D36D81EB59EE600CD06DA /* Main.storyboard */ = {
			isa = PBXVariantGroup;
			children = (
				6F2D36D91EB59EE600CD06DA /* Base */,
			);
			name = Main.storyboard;
			sourceTree = "<group>";
		};
		6F2D36DD1EB59EE600CD06DA /* LaunchScreen.storyboard */ = {
			isa = PBXVariantGroup;
			children = (
				6F2D36DE1EB59EE600CD06DA /* Base */,
			);
			name = LaunchScreen.storyboard;
			sourceTree = "<group>";
		};
/* End PBXVariantGroup section */

/* Begin XCBuildConfiguration section */
		6F2D36F71EB59EE600CD06DA /* Debug */ = {
			isa = XCBuildConfiguration;
			buildSettings = {
				ALWAYS_SEARCH_USER_PATHS = NO;
				CLANG_ANALYZER_NONNULL = YES;
				CLANG_CXX_LANGUAGE_STANDARD = "gnu++0x";
				CLANG_CXX_LIBRARY = "libc++";
				CLANG_ENABLE_MODULES = YES;
				CLANG_ENABLE_OBJC_ARC = YES;
				CLANG_WARN_BOOL_CONVERSION = YES;
				CLANG_WARN_CONSTANT_CONVERSION = YES;
				CLANG_WARN_DIRECT_OBJC_ISA_USAGE = YES_ERROR;
				CLANG_WARN_DOCUMENTATION_COMMENTS = YES;
				CLANG_WARN_EMPTY_BODY = YES;
				CLANG_WARN_ENUM_CONVERSION = YES;
				CLANG_WARN_INFINITE_RECURSION = YES;
				CLANG_WARN_INT_CONVERSION = YES;
				CLANG_WARN_OBJC_ROOT_CLASS = YES_ERROR;
				CLANG_WARN_SUSPICIOUS_MOVE = YES;
				CLANG_WARN_UNREACHABLE_CODE = YES;
				CLANG_WARN__DUPLICATE_METHOD_MATCH = YES;
				"CODE_SIGN_IDENTITY[sdk=iphoneos*]" = "iPhone Developer";
				COPY_PHASE_STRIP = NO;
				DEBUG_INFORMATION_FORMAT = dwarf;
				ENABLE_STRICT_OBJC_MSGSEND = YES;
				ENABLE_TESTABILITY = YES;
				GCC_C_LANGUAGE_STANDARD = gnu99;
				GCC_DYNAMIC_NO_PIC = NO;
				GCC_NO_COMMON_BLOCKS = YES;
				GCC_OPTIMIZATION_LEVEL = 0;
				GCC_PREPROCESSOR_DEFINITIONS = (
					"DEBUG=1",
					"$(inherited)",
				);
				GCC_WARN_64_TO_32_BIT_CONVERSION = YES;
				GCC_WARN_ABOUT_RETURN_TYPE = YES_ERROR;
				GCC_WARN_UNDECLARED_SELECTOR = YES;
				GCC_WARN_UNINITIALIZED_AUTOS = YES_AGGRESSIVE;
				GCC_WARN_UNUSED_FUNCTION = YES;
				GCC_WARN_UNUSED_VARIABLE = YES;
				IPHONEOS_DEPLOYMENT_TARGET = 10.2;
				MTL_ENABLE_DEBUG_INFO = YES;
				ONLY_ACTIVE_ARCH = YES;
				SDKROOT = iphoneos;
				SWIFT_ACTIVE_COMPILATION_CONDITIONS = DEBUG;
				SWIFT_OPTIMIZATION_LEVEL = "-Onone";
				TARGETED_DEVICE_FAMILY = "1,2";
			};
			name = Debug;
		};
		6F2D36F81EB59EE600CD06DA /* Release */ = {
			isa = XCBuildConfiguration;
			buildSettings = {
				ALWAYS_SEARCH_USER_PATHS = NO;
				CLANG_ANALYZER_NONNULL = YES;
				CLANG_CXX_LANGUAGE_STANDARD = "gnu++0x";
				CLANG_CXX_LIBRARY = "libc++";
				CLANG_ENABLE_MODULES = YES;
				CLANG_ENABLE_OBJC_ARC = YES;
				CLANG_WARN_BOOL_CONVERSION = YES;
				CLANG_WARN_CONSTANT_CONVERSION = YES;
				CLANG_WARN_DIRECT_OBJC_ISA_USAGE = YES_ERROR;
				CLANG_WARN_DOCUMENTATION_COMMENTS = YES;
				CLANG_WARN_EMPTY_BODY = YES;
				CLANG_WARN_ENUM_CONVERSION = YES;
				CLANG_WARN_INFINITE_RECURSION = YES;
				CLANG_WARN_INT_CONVERSION = YES;
				CLANG_WARN_OBJC_ROOT_CLASS = YES_ERROR;
				CLANG_WARN_SUSPICIOUS_MOVE = YES;
				CLANG_WARN_UNREACHABLE_CODE = YES;
				CLANG_WARN__DUPLICATE_METHOD_MATCH = YES;
				"CODE_SIGN_IDENTITY[sdk=iphoneos*]" = "iPhone Developer";
				COPY_PHASE_STRIP = NO;
				DEBUG_INFORMATION_FORMAT = "dwarf-with-dsym";
				ENABLE_NS_ASSERTIONS = NO;
				ENABLE_STRICT_OBJC_MSGSEND = YES;
				GCC_C_LANGUAGE_STANDARD = gnu99;
				GCC_NO_COMMON_BLOCKS = YES;
				GCC_WARN_64_TO_32_BIT_CONVERSION = YES;
				GCC_WARN_ABOUT_RETURN_TYPE = YES_ERROR;
				GCC_WARN_UNDECLARED_SELECTOR = YES;
				GCC_WARN_UNINITIALIZED_AUTOS = YES_AGGRESSIVE;
				GCC_WARN_UNUSED_FUNCTION = YES;
				GCC_WARN_UNUSED_VARIABLE = YES;
				IPHONEOS_DEPLOYMENT_TARGET = 10.2;
				MTL_ENABLE_DEBUG_INFO = NO;
				SDKROOT = iphoneos;
				SWIFT_OPTIMIZATION_LEVEL = "-Owholemodule";
				TARGETED_DEVICE_FAMILY = "1,2";
				VALIDATE_PRODUCT = YES;
			};
			name = Release;
		};
		6F2D36FA1EB59EE600CD06DA /* Debug */ = {
			isa = XCBuildConfiguration;
			buildSettings = {
				ASSETCATALOG_COMPILER_APPICON_NAME = AppIcon;
				INFOPLIST_FILE = Project/Info.plist;
				LD_RUNPATH_SEARCH_PATHS = "$(inherited) @executable_path/Frameworks";
				PRODUCT_BUNDLE_IDENTIFIER = Deakin.Project;
				PRODUCT_NAME = "$(TARGET_NAME)";
				SWIFT_VERSION = 3.0;
			};
			name = Debug;
		};
		6F2D36FB1EB59EE600CD06DA /* Release */ = {
			isa = XCBuildConfiguration;
			buildSettings = {
				ASSETCATALOG_COMPILER_APPICON_NAME = AppIcon;
				INFOPLIST_FILE = Project/Info.plist;
				LD_RUNPATH_SEARCH_PATHS = "$(inherited) @executable_path/Frameworks";
				PRODUCT_BUNDLE_IDENTIFIER = Deakin.Project;
				PRODUCT_NAME = "$(TARGET_NAME)";
				SWIFT_VERSION = 3.0;
			};
			name = Release;
		};
		6F2D36FD1EB59EE600CD06DA /* Debug */ = {
			isa = XCBuildConfiguration;
			buildSettings = {
				ALWAYS_EMBED_SWIFT_STANDARD_LIBRARIES = YES;
				BUNDLE_LOADER = "$(TEST_HOST)";
				INFOPLIST_FILE = ProjectTests/Info.plist;
				LD_RUNPATH_SEARCH_PATHS = "$(inherited) @executable_path/Frameworks @loader_path/Frameworks";
				PRODUCT_BUNDLE_IDENTIFIER = Deakin.ProjectTests;
				PRODUCT_NAME = "$(TARGET_NAME)";
				SWIFT_VERSION = 3.0;
				TEST_HOST = "$(BUILT_PRODUCTS_DIR)/Project.app/Project";
			};
			name = Debug;
		};
		6F2D36FE1EB59EE600CD06DA /* Release */ = {
			isa = XCBuildConfiguration;
			buildSettings = {
				ALWAYS_EMBED_SWIFT_STANDARD_LIBRARIES = YES;
				BUNDLE_LOADER = "$(TEST_HOST)";
				INFOPLIST_FILE = ProjectTests/Info.plist;
				LD_RUNPATH_SEARCH_PATHS = "$(inherited) @executable_path/Frameworks @loader_path/Frameworks";
				PRODUCT_BUNDLE_IDENTIFIER = Deakin.ProjectTests;
				PRODUCT_NAME = "$(TARGET_NAME)";
				SWIFT_VERSION = 3.0;
				TEST_HOST = "$(BUILT_PRODUCTS_DIR)/Project.app/Project";
			};
			name = Release;
		};
		6F2D37001EB59EE600CD06DA /* Debug */ = {
			isa = XCBuildConfiguration;
			buildSettings = {
				ALWAYS_EMBED_SWIFT_STANDARD_LIBRARIES = YES;
				INFOPLIST_FILE = ProjectUITests/Info.plist;
				LD_RUNPATH_SEARCH_PATHS = "$(inherited) @executable_path/Frameworks @loader_path/Frameworks";
				PRODUCT_BUNDLE_IDENTIFIER = Deakin.ProjectUITests;
				PRODUCT_NAME = "$(TARGET_NAME)";
				SWIFT_VERSION = 3.0;
				TEST_TARGET_NAME = Project;
			};
			name = Debug;
		};
		6F2D37011EB59EE600CD06DA /* Release */ = {
			isa = XCBuildConfiguration;
			buildSettings = {
				ALWAYS_EMBED_SWIFT_STANDARD_LIBRARIES = YES;
				INFOPLIST_FILE = ProjectUITests/Info.plist;
				LD_RUNPATH_SEARCH_PATHS = "$(inherited) @executable_path/Frameworks @loader_path/Frameworks";
				PRODUCT_BUNDLE_IDENTIFIER = Deakin.ProjectUITests;
				PRODUCT_NAME = "$(TARGET_NAME)";
				SWIFT_VERSION = 3.0;
				TEST_TARGET_NAME = Project;
			};
			name = Release;
		};
/* End XCBuildConfiguration section */

/* Begin XCConfigurationList section */
		6F2D36CC1EB59EE600CD06DA /* Build configuration list for PBXProject "Project" */ = {
			isa = XCConfigurationList;
			buildConfigurations = (
				6F2D36F71EB59EE600CD06DA /* Debug */,
				6F2D36F81EB59EE600CD06DA /* Release */,
			);
			defaultConfigurationIsVisible = 0;
			defaultConfigurationName = Release;
		};
		6F2D36F91EB59EE600CD06DA /* Build configuration list for PBXNativeTarget "Project" */ = {
			isa = XCConfigurationList;
			buildConfigurations = (
				6F2D36FA1EB59EE600CD06DA /* Debug */,
				6F2D36FB1EB59EE600CD06DA /* Release */,
			);
			defaultConfigurationIsVisible = 0;
		};
		6F2D36FC1EB59EE600CD06DA /* Build configuration list for PBXNativeTarget "ProjectTests" */ = {
			isa = XCConfigurationList;
			buildConfigurations = (
				6F2D36FD1EB59EE600CD06DA /* Debug */,
				6F2D36FE1EB59EE600CD06DA /* Release */,
			);
			defaultConfigurationIsVisible = 0;
		};
		6F2D36FF1EB59EE600CD06DA /* Build configuration list for PBXNativeTarget "ProjectUITests" */ = {
			isa = XCConfigurationList;
			buildConfigurations = (
				6F2D37001EB59EE600CD06DA /* Debug */,
				6F2D37011EB59EE600CD06DA /* Release */,
			);
			defaultConfigurationIsVisible = 0;
		};
/* End XCConfigurationList section */
	};
	rootObject = 6F2D36C91EB59EE600CD06DA /* Project object */;
}
